
Microsoft Visual Studio Solution File, Format Version 12.00
# Visual Studio 15
VisualStudioVersion = 15.0.27703.2035
MinimumVisualStudioVersion = 10.0.40219.1
Project("{9A19103F-16F7-4668-BE54-9A1E7A4F7556}") = "IdentityServer4Center", "IdentityServer4Center\IdentityServer4Center.csproj", "{5E84408E-46F0-4EB9-92FF-747FB0A6054E}"
EndProject
Project("{9A19103F-16F7-4668-BE54-9A1E7A4F7556}") = "ClientCredentialApi", "ClientCredentialApi\ClientCredentialApi.csproj", "{AD1475F8-3060-49FE-A897-B690A73EF33E}"
EndProject
Project("{9A19103F-16F7-4668-BE54-9A1E7A4F7556}") = "ThirdPartyDemo", "ThirdPartyDemo\ThirdPartyDemo.csproj", "{939F3CEB-34F4-462A-9C19-BF5DEC843F07}"
EndProject
Project("{9A19103F-16F7-4668-BE54-9A1E7A4F7556}") = "PwdClientApi", "PwdClientApi\PwdClientApi.csproj", "{A9B27AEE-41C6-448C-A6A9-A687F6A4CF31}"
EndProject
Project("{2150E333-8FDC-42A3-9474-1A3956D46DE8}") = "IdentityServer4Api", "IdentityServer4Api", "{FEAEFC35-C65E-446A-9655-7F66EA504C32}"
EndProject
Project("{2150E333-8FDC-42A3-9474-1A3956D46DE8}") = "IdentityServer4Web", "IdentityServer4Web", "{14888411-446A-4C25-A487-A664EF02AEB7}"
EndProject
Project("{9A19103F-16F7-4668-BE54-9A1E7A4F7556}") = "IdentityServer4Mvc", "IdentityServer4Mvc\IdentityServer4Mvc.csproj", "{AB9745DC-004F-4A5E-8CFD-C2E0A389C028}"
EndProject
Project("{9A19103F-16F7-4668-BE54-9A1E7A4F7556}") = "IdentityServer4Client", "IdentityServer4Client\IdentityServer4Client.csproj", "{866792AD-222B-42B6-973C-1F0DD9FA643B}"
EndProject
Project("{9A19103F-16F7-4668-BE54-9A1E7A4F7556}") = "User.API", "User.API\User.API.csproj", "{8DA66770-9BF1-4E34-9B80-F3CF51B7662E}"
EndProject
Project("{FAE04EC0-301F-11D3-BF4B-00C04F79EFBC}") = "WebNotebook", "WebNotebook\WebNotebook.csproj", "{A1F8CCFE-899F-45A8-A01E-B5DF629D20C5}"
EndProject
Global
	GlobalSection(SolutionConfigurationPlatforms) = preSolution
		Debug|Any CPU = Debug|Any CPU
		Release|Any CPU = Release|Any CPU
	EndGlobalSection
	GlobalSection(ProjectConfigurationPlatforms) = postSolution
		{5E84408E-46F0-4EB9-92FF-747FB0A6054E}.Debug|Any CPU.ActiveCfg = Debug|Any CPU
		{5E84408E-46F0-4EB9-92FF-747FB0A6054E}.Debug|Any CPU.Build.0 = Debug|Any CPU
		{5E84408E-46F0-4EB9-92FF-747FB0A6054E}.Release|Any CPU.ActiveCfg = Release|Any CPU
		{5E84408E-46F0-4EB9-92FF-747FB0A6054E}.Release|Any CPU.Build.0 = Release|Any CPU
		{AD1475F8-3060-49FE-A897-B690A73EF33E}.Debug|Any CPU.ActiveCfg = Debug|Any CPU
		{AD1475F8-3060-49FE-A897-B690A73EF33E}.Debug|Any CPU.Build.0 = Debug|Any CPU
		{AD1475F8-3060-49FE-A897-B690A73EF33E}.Release|Any CPU.ActiveCfg = Release|Any CPU
		{AD1475F8-3060-49FE-A897-B690A73EF33E}.Release|Any CPU.Build.0 = Release|Any CPU
		{939F3CEB-34F4-462A-9C19-BF5DEC843F07}.Debug|Any CPU.ActiveCfg = Debug|Any CPU
		{939F3CEB-34F4-462A-9C19-BF5DEC843F07}.Debug|Any CPU.Build.0 = Debug|Any CPU
		{939F3CEB-34F4-462A-9C19-BF5DEC843F07}.Release|Any CPU.ActiveCfg = Release|Any CPU
		{939F3CEB-34F4-462A-9C19-BF5DEC843F07}.Release|Any CPU.Build.0 = Release|Any CPU
		{A9B27AEE-41C6-448C-A6A9-A687F6A4CF31}.Debug|Any CPU.ActiveCfg = Debug|Any CPU
		{A9B27AEE-41C6-448C-A6A9-A687F6A4CF31}.Debug|Any CPU.Build.0 = Debug|Any CPU
		{A9B27AEE-41C6-448C-A6A9-A687F6A4CF31}.Release|Any CPU.ActiveCfg = Release|Any CPU
		{A9B27AEE-41C6-448C-A6A9-A687F6A4CF31}.Release|Any CPU.Build.0 = Release|Any CPU
		{AB9745DC-004F-4A5E-8CFD-C2E0A389C028}.Debug|Any CPU.ActiveCfg = Debug|Any CPU
		{AB9745DC-004F-4A5E-8CFD-C2E0A389C028}.Debug|Any CPU.Build.0 = Debug|Any CPU
		{AB9745DC-004F-4A5E-8CFD-C2E0A389C028}.Release|Any CPU.ActiveCfg = Release|Any CPU
		{AB9745DC-004F-4A5E-8CFD-C2E0A389C028}.Release|Any CPU.Build.0 = Release|Any CPU
		{866792AD-222B-42B6-973C-1F0DD9FA643B}.Debug|Any CPU.ActiveCfg = Debug|Any CPU
		{866792AD-222B-42B6-973C-1F0DD9FA643B}.Debug|Any CPU.Build.0 = Debug|Any CPU
		{866792AD-222B-42B6-973C-1F0DD9FA643B}.Release|Any CPU.ActiveCfg = Release|Any CPU
		{866792AD-222B-42B6-973C-1F0DD9FA643B}.Release|Any CPU.Build.0 = Release|Any CPU
		{8DA66770-9BF1-4E34-9B80-F3CF51B7662E}.Debug|Any CPU.ActiveCfg = Debug|Any CPU
		{8DA66770-9BF1-4E34-9B80-F3CF51B7662E}.Debug|Any CPU.Build.0 = Debug|Any CPU
		{8DA66770-9BF1-4E34-9B80-F3CF51B7662E}.Release|Any CPU.ActiveCfg = Release|Any CPU
		{8DA66770-9BF1-4E34-9B80-F3CF51B7662E}.Release|Any CPU.Build.0 = Release|Any CPU
		{A1F8CCFE-899F-45A8-A01E-B5DF629D20C5}.Debug|Any CPU.ActiveCfg = Debug|Any CPU
		{A1F8CCFE-899F-45A8-A01E-B5DF629D20C5}.Debug|Any CPU.Build.0 = Debug|Any CPU
		{A1F8CCFE-899F-45A8-A01E-B5DF629D20C5}.Release|Any CPU.ActiveCfg = Release|Any CPU
		{A1F8CCFE-899F-45A8-A01E-B5DF629D20C5}.Release|Any CPU.Build.0 = Release|Any CPU
	EndGlobalSection
	GlobalSection(SolutionProperties) = preSolution
		HideSolutionNode = FALSE
	EndGlobalSection
	GlobalSection(NestedProjects) = preSolution
		{5E84408E-46F0-4EB9-92FF-747FB0A6054E} = {FEAEFC35-C65E-446A-9655-7F66EA504C32}
		{AD1475F8-3060-49FE-A897-B690A73EF33E} = {FEAEFC35-C65E-446A-9655-7F66EA504C32}
		{939F3CEB-34F4-462A-9C19-BF5DEC843F07} = {FEAEFC35-C65E-446A-9655-7F66EA504C32}
		{A9B27AEE-41C6-448C-A6A9-A687F6A4CF31} = {FEAEFC35-C65E-446A-9655-7F66EA504C32}
		{AB9745DC-004F-4A5E-8CFD-C2E0A389C028} = {14888411-446A-4C25-A487-A664EF02AEB7}
		{866792AD-222B-42B6-973C-1F0DD9FA643B} = {14888411-446A-4C25-A487-A664EF02AEB7}
	EndGlobalSection
	GlobalSection(ExtensibilityGlobals) = postSolution
		SolutionGuid = {4A3AC57A-D1D9-4609-BB6D-7C939A888CFF}
	EndGlobalSection
EndGlobal
